
Microsoft Visual Studio Solution File, Format Version 10.00
# Visual Studio 2008
Project("{FAE04EC0-301F-11D3-BF4B-00C04F79EFBC}") = "Cream", "Cream\Cream.csproj", "{D915FB60-2389-4DE1-BFA3-6D2BA30ACE0A}"
EndProject
Project("{FAE04EC0-301F-11D3-BF4B-00C04F79EFBC}") = "PowerCollections", "PowerCollection\PowerCollections.csproj", "{5821977D-AC2C-4912-BCD0-6E6B1A756167}"
EndProject
Project("{FAE04EC0-301F-11D3-BF4B-00C04F79EFBC}") = "Museum", "Museum\Museum.csproj", "{580ED3F5-5B98-4977-990E-C43D428FFFE5}"
EndProject
Project("{FAE04EC0-301F-11D3-BF4B-00C04F79EFBC}") = "FirstStep", "FirstStep\FirstStep.csproj", "{7B28B67E-ADA3-40FC-A679-E393FFD3016F}"
EndProject
Project("{FAE04EC0-301F-11D3-BF4B-00C04F79EFBC}") = "Magic", "Magic\Magic.csproj", "{EDE3201C-CEFB-44B9-8823-0FA407FF064F}"
EndProject
Project("{FAE04EC0-301F-11D3-BF4B-00C04F79EFBC}") = "Magic3", "Magic3\Magic3.csproj", "{9733AAA0-D782-4E87-AA18-1BA84007A850}"
EndProject
Project("{FAE04EC0-301F-11D3-BF4B-00C04F79EFBC}") = "FT06", "FT06\FT06.csproj", "{3B90AC88-FEDD-467F-A2AB-8A4B15577C31}"
EndProject
Project("{FAE04EC0-301F-11D3-BF4B-00C04F79EFBC}") = "JSSP", "JSSP\JSSP.csproj", "{6066E570-1767-4B53-9D1B-3E79CDF45DAA}"
EndProject
Project("{FAE04EC0-301F-11D3-BF4B-00C04F79EFBC}") = "CSharpCreamSolver", "JavaCreamSolver\CSharpCreamSolver.csproj", "{50E3170D-1D4B-4118-B194-F14221D82057}"
EndProject
Project("{FAE04EC0-301F-11D3-BF4B-00C04F79EFBC}") = "Golomb", "Golomb\Golomb.csproj", "{C9231AA3-0541-43A5-954C-D44B05C7762A}"
EndProject
Project("{FAE04EC0-301F-11D3-BF4B-00C04F79EFBC}") = "SevenEleven", "SevenEleven\SevenEleven.csproj", "{51148A1A-B831-4F05-A9FE-1F3DCB59AD6F}"
EndProject
Project("{FAE04EC0-301F-11D3-BF4B-00C04F79EFBC}") = "NFractionPuzzle", "NFractionPuzzle\NFractionPuzzle.csproj", "{38DA4E8B-4E4C-470F-A4CB-47DC1C9E4E49}"
EndProject
Project("{FAE04EC0-301F-11D3-BF4B-00C04F79EFBC}") = "Testing", "Testing\Testing.csproj", "{BEB4A9D0-64B7-4D83-A122-AB7EC610B342}"
EndProject
Project("{FAE04EC0-301F-11D3-BF4B-00C04F79EFBC}") = "SudokuGame", "SudokuGame\SudokuGame.csproj", "{610194AA-C66F-4FD4-B68A-2BF0D748A11C}"
EndProject
Project("{FAE04EC0-301F-11D3-BF4B-00C04F79EFBC}") = "QueensGame", "QueensGame\QueensGame.csproj", "{F7DBBA12-5EAE-4AC0-AAC7-B283809C65AF}"
EndProject
Project("{8BC9CEB8-8B4A-11D0-8D11-00A0C91BC942}") = "GCCTCSP", "TCSPGenerator\TCSPGenerator.vcproj", "{E64EB0F7-7399-4566-BCA4-1E6AD24F4C41}"
EndProject
Project("{FAE04EC0-301F-11D3-BF4B-00C04F79EFBC}") = "SoccerGame", "SoccerGame\SoccerGame.csproj", "{70350692-E498-4D80-8F20-9D0A19F605F7}"
EndProject
Project("{FAE04EC0-301F-11D3-BF4B-00C04F79EFBC}") = "MainMenu", "MainMenu\MainMenu.csproj", "{C3E5D20E-4E29-4975-88F7-296E92A23B67}"
EndProject
Project("{FAE04EC0-301F-11D3-BF4B-00C04F79EFBC}") = "ProfAssignment", "ProfAssignment\ProfAssignment.csproj", "{67E5F09F-AF8E-45B0-85A0-4F91AC631371}"
EndProject
Project("{FAE04EC0-301F-11D3-BF4B-00C04F79EFBC}") = "CourseAssignment", "CourseAssignment\CourseAssignment.csproj", "{7351F340-4A91-4973-B481-CE537113892F}"
EndProject
Project("{FAE04EC0-301F-11D3-BF4B-00C04F79EFBC}") = "CourseAssignmentClassLibrary", "CourseAssignmentClassLibrary\CourseAssignmentClassLibrary.csproj", "{2E9B5723-DA7A-4A87-B1FD-52DE0CC2A79B}"
EndProject
Project("{FAE04EC0-301F-11D3-BF4B-00C04F79EFBC}") = "Family", "Family\Family.csproj", "{A761A690-2FF6-4F6B-8BAE-2658629945D6}"
EndProject
Project("{FAE04EC0-301F-11D3-BF4B-00C04F79EFBC}") = "ProductionPlanning", "ProductionPlanning\ProductionPlanning.csproj", "{81435C5C-EC88-4E58-9182-E8F2E340A3D1}"
EndProject
Project("{FAE04EC0-301F-11D3-BF4B-00C04F79EFBC}") = "VariousExamples", "VariousExamples\VariousExamples.csproj", "{0982E2CA-4629-42A6-8AD1-0A8265081C02}"
EndProject
Project("{FAE04EC0-301F-11D3-BF4B-00C04F79EFBC}") = "FourColor", "FourColor\FourColor.csproj", "{58AA3248-D036-484B-84C3-A086E2D43F8F}"
EndProject
Global
	GlobalSection(SolutionConfigurationPlatforms) = preSolution
		Debug|Any CPU = Debug|Any CPU
		Debug|Mixed Platforms = Debug|Mixed Platforms
		Debug|Win32 = Debug|Win32
		Debug|x86 = Debug|x86
		Release|Any CPU = Release|Any CPU
		Release|Mixed Platforms = Release|Mixed Platforms
		Release|Win32 = Release|Win32
		Release|x86 = Release|x86
	EndGlobalSection
	GlobalSection(ProjectConfigurationPlatforms) = postSolution
		{D915FB60-2389-4DE1-BFA3-6D2BA30ACE0A}.Debug|Any CPU.ActiveCfg = Debug|Any CPU
		{D915FB60-2389-4DE1-BFA3-6D2BA30ACE0A}.Debug|Any CPU.Build.0 = Debug|Any CPU
		{D915FB60-2389-4DE1-BFA3-6D2BA30ACE0A}.Debug|Mixed Platforms.ActiveCfg = Debug|Any CPU
		{D915FB60-2389-4DE1-BFA3-6D2BA30ACE0A}.Debug|Mixed Platforms.Build.0 = Debug|Any CPU
		{D915FB60-2389-4DE1-BFA3-6D2BA30ACE0A}.Debug|Win32.ActiveCfg = Debug|Any CPU
		{D915FB60-2389-4DE1-BFA3-6D2BA30ACE0A}.Debug|x86.ActiveCfg = Debug|Any CPU
		{D915FB60-2389-4DE1-BFA3-6D2BA30ACE0A}.Release|Any CPU.ActiveCfg = Release|Any CPU
		{D915FB60-2389-4DE1-BFA3-6D2BA30ACE0A}.Release|Any CPU.Build.0 = Release|Any CPU
		{D915FB60-2389-4DE1-BFA3-6D2BA30ACE0A}.Release|Mixed Platforms.ActiveCfg = Release|Any CPU
		{D915FB60-2389-4DE1-BFA3-6D2BA30ACE0A}.Release|Mixed Platforms.Build.0 = Release|Any CPU
		{D915FB60-2389-4DE1-BFA3-6D2BA30ACE0A}.Release|Win32.ActiveCfg = Release|Any CPU
		{D915FB60-2389-4DE1-BFA3-6D2BA30ACE0A}.Release|x86.ActiveCfg = Release|Any CPU
		{5821977D-AC2C-4912-BCD0-6E6B1A756167}.Debug|Any CPU.ActiveCfg = Debug|Any CPU
		{5821977D-AC2C-4912-BCD0-6E6B1A756167}.Debug|Any CPU.Build.0 = Debug|Any CPU
		{5821977D-AC2C-4912-BCD0-6E6B1A756167}.Debug|Mixed Platforms.ActiveCfg = Debug|Any CPU
		{5821977D-AC2C-4912-BCD0-6E6B1A756167}.Debug|Mixed Platforms.Build.0 = Debug|Any CPU
		{5821977D-AC2C-4912-BCD0-6E6B1A756167}.Debug|Win32.ActiveCfg = Debug|Any CPU
		{5821977D-AC2C-4912-BCD0-6E6B1A756167}.Debug|x86.ActiveCfg = Debug|Any CPU
		{5821977D-AC2C-4912-BCD0-6E6B1A756167}.Release|Any CPU.ActiveCfg = Release|Any CPU
		{5821977D-AC2C-4912-BCD0-6E6B1A756167}.Release|Any CPU.Build.0 = Release|Any CPU
		{5821977D-AC2C-4912-BCD0-6E6B1A756167}.Release|Mixed Platforms.ActiveCfg = Release|Any CPU
		{5821977D-AC2C-4912-BCD0-6E6B1A756167}.Release|Mixed Platforms.Build.0 = Release|Any CPU
		{5821977D-AC2C-4912-BCD0-6E6B1A756167}.Release|Win32.ActiveCfg = Release|Any CPU
		{5821977D-AC2C-4912-BCD0-6E6B1A756167}.Release|x86.ActiveCfg = Release|Any CPU
		{580ED3F5-5B98-4977-990E-C43D428FFFE5}.Debug|Any CPU.ActiveCfg = Debug|Any CPU
		{580ED3F5-5B98-4977-990E-C43D428FFFE5}.Debug|Any CPU.Build.0 = Debug|Any CPU
		{580ED3F5-5B98-4977-990E-C43D428FFFE5}.Debug|Mixed Platforms.ActiveCfg = Debug|Any CPU
		{580ED3F5-5B98-4977-990E-C43D428FFFE5}.Debug|Mixed Platforms.Build.0 = Debug|Any CPU
		{580ED3F5-5B98-4977-990E-C43D428FFFE5}.Debug|Win32.ActiveCfg = Debug|Any CPU
		{580ED3F5-5B98-4977-990E-C43D428FFFE5}.Debug|x86.ActiveCfg = Debug|Any CPU
		{580ED3F5-5B98-4977-990E-C43D428FFFE5}.Release|Any CPU.ActiveCfg = Release|Any CPU
		{580ED3F5-5B98-4977-990E-C43D428FFFE5}.Release|Any CPU.Build.0 = Release|Any CPU
		{580ED3F5-5B98-4977-990E-C43D428FFFE5}.Release|Mixed Platforms.ActiveCfg = Release|Any CPU
		{580ED3F5-5B98-4977-990E-C43D428FFFE5}.Release|Mixed Platforms.Build.0 = Release|Any CPU
		{580ED3F5-5B98-4977-990E-C43D428FFFE5}.Release|Win32.ActiveCfg = Release|Any CPU
		{580ED3F5-5B98-4977-990E-C43D428FFFE5}.Release|x86.ActiveCfg = Release|Any CPU
		{7B28B67E-ADA3-40FC-A679-E393FFD3016F}.Debug|Any CPU.ActiveCfg = Debug|Any CPU
		{7B28B67E-ADA3-40FC-A679-E393FFD3016F}.Debug|Any CPU.Build.0 = Debug|Any CPU
		{7B28B67E-ADA3-40FC-A679-E393FFD3016F}.Debug|Mixed Platforms.ActiveCfg = Debug|Any CPU
		{7B28B67E-ADA3-40FC-A679-E393FFD3016F}.Debug|Mixed Platforms.Build.0 = Debug|Any CPU
		{7B28B67E-ADA3-40FC-A679-E393FFD3016F}.Debug|Win32.ActiveCfg = Debug|Any CPU
		{7B28B67E-ADA3-40FC-A679-E393FFD3016F}.Debug|x86.ActiveCfg = Debug|Any CPU
		{7B28B67E-ADA3-40FC-A679-E393FFD3016F}.Release|Any CPU.ActiveCfg = Release|Any CPU
		{7B28B67E-ADA3-40FC-A679-E393FFD3016F}.Release|Any CPU.Build.0 = Release|Any CPU
		{7B28B67E-ADA3-40FC-A679-E393FFD3016F}.Release|Mixed Platforms.ActiveCfg = Release|Any CPU
		{7B28B67E-ADA3-40FC-A679-E393FFD3016F}.Release|Mixed Platforms.Build.0 = Release|Any CPU
		{7B28B67E-ADA3-40FC-A679-E393FFD3016F}.Release|Win32.ActiveCfg = Release|Any CPU
		{7B28B67E-ADA3-40FC-A679-E393FFD3016F}.Release|x86.ActiveCfg = Release|Any CPU
		{EDE3201C-CEFB-44B9-8823-0FA407FF064F}.Debug|Any CPU.ActiveCfg = Debug|Any CPU
		{EDE3201C-CEFB-44B9-8823-0FA407FF064F}.Debug|Any CPU.Build.0 = Debug|Any CPU
		{EDE3201C-CEFB-44B9-8823-0FA407FF064F}.Debug|Mixed Platforms.ActiveCfg = Debug|Any CPU
		{EDE3201C-CEFB-44B9-8823-0FA407FF064F}.Debug|Mixed Platforms.Build.0 = Debug|Any CPU
		{EDE3201C-CEFB-44B9-8823-0FA407FF064F}.Debug|Win32.ActiveCfg = Debug|Any CPU
		{EDE3201C-CEFB-44B9-8823-0FA407FF064F}.Debug|x86.ActiveCfg = Debug|Any CPU
		{EDE3201C-CEFB-44B9-8823-0FA407FF064F}.Release|Any CPU.ActiveCfg = Release|Any CPU
		{EDE3201C-CEFB-44B9-8823-0FA407FF064F}.Release|Any CPU.Build.0 = Release|Any CPU
		{EDE3201C-CEFB-44B9-8823-0FA407FF064F}.Release|Mixed Platforms.ActiveCfg = Release|Any CPU
		{EDE3201C-CEFB-44B9-8823-0FA407FF064F}.Release|Mixed Platforms.Build.0 = Release|Any CPU
		{EDE3201C-CEFB-44B9-8823-0FA407FF064F}.Release|Win32.ActiveCfg = Release|Any CPU
		{EDE3201C-CEFB-44B9-8823-0FA407FF064F}.Release|x86.ActiveCfg = Release|Any CPU
		{9733AAA0-D782-4E87-AA18-1BA84007A850}.Debug|Any CPU.ActiveCfg = Debug|Any CPU
		{9733AAA0-D782-4E87-AA18-1BA84007A850}.Debug|Any CPU.Build.0 = Debug|Any CPU
		{9733AAA0-D782-4E87-AA18-1BA84007A850}.Debug|Mixed Platforms.ActiveCfg = Debug|Any CPU
		{9733AAA0-D782-4E87-AA18-1BA84007A850}.Debug|Mixed Platforms.Build.0 = Debug|Any CPU
		{9733AAA0-D782-4E87-AA18-1BA84007A850}.Debug|Win32.ActiveCfg = Debug|Any CPU
		{9733AAA0-D782-4E87-AA18-1BA84007A850}.Debug|x86.ActiveCfg = Debug|Any CPU
		{9733AAA0-D782-4E87-AA18-1BA84007A850}.Release|Any CPU.ActiveCfg = Release|Any CPU
		{9733AAA0-D782-4E87-AA18-1BA84007A850}.Release|Any CPU.Build.0 = Release|Any CPU
		{9733AAA0-D782-4E87-AA18-1BA84007A850}.Release|Mixed Platforms.ActiveCfg = Release|Any CPU
		{9733AAA0-D782-4E87-AA18-1BA84007A850}.Release|Mixed Platforms.Build.0 = Release|Any CPU
		{9733AAA0-D782-4E87-AA18-1BA84007A850}.Release|Win32.ActiveCfg = Release|Any CPU
		{9733AAA0-D782-4E87-AA18-1BA84007A850}.Release|x86.ActiveCfg = Release|Any CPU
		{3B90AC88-FEDD-467F-A2AB-8A4B15577C31}.Debug|Any CPU.ActiveCfg = Debug|Any CPU
		{3B90AC88-FEDD-467F-A2AB-8A4B15577C31}.Debug|Any CPU.Build.0 = Debug|Any CPU
		{3B90AC88-FEDD-467F-A2AB-8A4B15577C31}.Debug|Mixed Platforms.ActiveCfg = Debug|Any CPU
		{3B90AC88-FEDD-467F-A2AB-8A4B15577C31}.Debug|Mixed Platforms.Build.0 = Debug|Any CPU
		{3B90AC88-FEDD-467F-A2AB-8A4B15577C31}.Debug|Win32.ActiveCfg = Debug|Any CPU
		{3B90AC88-FEDD-467F-A2AB-8A4B15577C31}.Debug|x86.ActiveCfg = Debug|Any CPU
		{3B90AC88-FEDD-467F-A2AB-8A4B15577C31}.Release|Any CPU.ActiveCfg = Release|Any CPU
		{3B90AC88-FEDD-467F-A2AB-8A4B15577C31}.Release|Any CPU.Build.0 = Release|Any CPU
		{3B90AC88-FEDD-467F-A2AB-8A4B15577C31}.Release|Mixed Platforms.ActiveCfg = Release|Any CPU
		{3B90AC88-FEDD-467F-A2AB-8A4B15577C31}.Release|Mixed Platforms.Build.0 = Release|Any CPU
		{3B90AC88-FEDD-467F-A2AB-8A4B15577C31}.Release|Win32.ActiveCfg = Release|Any CPU
		{3B90AC88-FEDD-467F-A2AB-8A4B15577C31}.Release|x86.ActiveCfg = Release|Any CPU
		{6066E570-1767-4B53-9D1B-3E79CDF45DAA}.Debug|Any CPU.ActiveCfg = Debug|Any CPU
		{6066E570-1767-4B53-9D1B-3E79CDF45DAA}.Debug|Any CPU.Build.0 = Debug|Any CPU
		{6066E570-1767-4B53-9D1B-3E79CDF45DAA}.Debug|Mixed Platforms.ActiveCfg = Debug|Any CPU
		{6066E570-1767-4B53-9D1B-3E79CDF45DAA}.Debug|Mixed Platforms.Build.0 = Debug|Any CPU
		{6066E570-1767-4B53-9D1B-3E79CDF45DAA}.Debug|Win32.ActiveCfg = Debug|Any CPU
		{6066E570-1767-4B53-9D1B-3E79CDF45DAA}.Debug|x86.ActiveCfg = Debug|Any CPU
		{6066E570-1767-4B53-9D1B-3E79CDF45DAA}.Release|Any CPU.ActiveCfg = Release|Any CPU
		{6066E570-1767-4B53-9D1B-3E79CDF45DAA}.Release|Any CPU.Build.0 = Release|Any CPU
		{6066E570-1767-4B53-9D1B-3E79CDF45DAA}.Release|Mixed Platforms.ActiveCfg = Release|Any CPU
		{6066E570-1767-4B53-9D1B-3E79CDF45DAA}.Release|Mixed Platforms.Build.0 = Release|Any CPU
		{6066E570-1767-4B53-9D1B-3E79CDF45DAA}.Release|Win32.ActiveCfg = Release|Any CPU
		{6066E570-1767-4B53-9D1B-3E79CDF45DAA}.Release|x86.ActiveCfg = Release|Any CPU
		{50E3170D-1D4B-4118-B194-F14221D82057}.Debug|Any CPU.ActiveCfg = Debug|Any CPU
		{50E3170D-1D4B-4118-B194-F14221D82057}.Debug|Any CPU.Build.0 = Debug|Any CPU
		{50E3170D-1D4B-4118-B194-F14221D82057}.Debug|Mixed Platforms.ActiveCfg = Debug|Any CPU
		{50E3170D-1D4B-4118-B194-F14221D82057}.Debug|Mixed Platforms.Build.0 = Debug|Any CPU
		{50E3170D-1D4B-4118-B194-F14221D82057}.Debug|Win32.ActiveCfg = Debug|Any CPU
		{50E3170D-1D4B-4118-B194-F14221D82057}.Debug|x86.ActiveCfg = Debug|Any CPU
		{50E3170D-1D4B-4118-B194-F14221D82057}.Release|Any CPU.ActiveCfg = Release|Any CPU
		{50E3170D-1D4B-4118-B194-F14221D82057}.Release|Any CPU.Build.0 = Release|Any CPU
		{50E3170D-1D4B-4118-B194-F14221D82057}.Release|Mixed Platforms.ActiveCfg = Release|Any CPU
		{50E3170D-1D4B-4118-B194-F14221D82057}.Release|Mixed Platforms.Build.0 = Release|Any CPU
		{50E3170D-1D4B-4118-B194-F14221D82057}.Release|Win32.ActiveCfg = Release|Any CPU
		{50E3170D-1D4B-4118-B194-F14221D82057}.Release|x86.ActiveCfg = Release|Any CPU
		{C9231AA3-0541-43A5-954C-D44B05C7762A}.Debug|Any CPU.ActiveCfg = Debug|Any CPU
		{C9231AA3-0541-43A5-954C-D44B05C7762A}.Debug|Any CPU.Build.0 = Debug|Any CPU
		{C9231AA3-0541-43A5-954C-D44B05C7762A}.Debug|Mixed Platforms.ActiveCfg = Debug|Any CPU
		{C9231AA3-0541-43A5-954C-D44B05C7762A}.Debug|Mixed Platforms.Build.0 = Debug|Any CPU
		{C9231AA3-0541-43A5-954C-D44B05C7762A}.Debug|Win32.ActiveCfg = Debug|Any CPU
		{C9231AA3-0541-43A5-954C-D44B05C7762A}.Debug|x86.ActiveCfg = Debug|Any CPU
		{C9231AA3-0541-43A5-954C-D44B05C7762A}.Release|Any CPU.ActiveCfg = Release|Any CPU
		{C9231AA3-0541-43A5-954C-D44B05C7762A}.Release|Any CPU.Build.0 = Release|Any CPU
		{C9231AA3-0541-43A5-954C-D44B05C7762A}.Release|Mixed Platforms.ActiveCfg = Release|Any CPU
		{C9231AA3-0541-43A5-954C-D44B05C7762A}.Release|Mixed Platforms.Build.0 = Release|Any CPU
		{C9231AA3-0541-43A5-954C-D44B05C7762A}.Release|Win32.ActiveCfg = Release|Any CPU
		{C9231AA3-0541-43A5-954C-D44B05C7762A}.Release|x86.ActiveCfg = Release|Any CPU
		{51148A1A-B831-4F05-A9FE-1F3DCB59AD6F}.Debug|Any CPU.ActiveCfg = Debug|Any CPU
		{51148A1A-B831-4F05-A9FE-1F3DCB59AD6F}.Debug|Any CPU.Build.0 = Debug|Any CPU
		{51148A1A-B831-4F05-A9FE-1F3DCB59AD6F}.Debug|Mixed Platforms.ActiveCfg = Debug|Any CPU
		{51148A1A-B831-4F05-A9FE-1F3DCB59AD6F}.Debug|Mixed Platforms.Build.0 = Debug|Any CPU
		{51148A1A-B831-4F05-A9FE-1F3DCB59AD6F}.Debug|Win32.ActiveCfg = Debug|Any CPU
		{51148A1A-B831-4F05-A9FE-1F3DCB59AD6F}.Debug|x86.ActiveCfg = Debug|Any CPU
		{51148A1A-B831-4F05-A9FE-1F3DCB59AD6F}.Release|Any CPU.ActiveCfg = Release|Any CPU
		{51148A1A-B831-4F05-A9FE-1F3DCB59AD6F}.Release|Any CPU.Build.0 = Release|Any CPU
		{51148A1A-B831-4F05-A9FE-1F3DCB59AD6F}.Release|Mixed Platforms.ActiveCfg = Release|Any CPU
		{51148A1A-B831-4F05-A9FE-1F3DCB59AD6F}.Release|Mixed Platforms.Build.0 = Release|Any CPU
		{51148A1A-B831-4F05-A9FE-1F3DCB59AD6F}.Release|Win32.ActiveCfg = Release|Any CPU
		{51148A1A-B831-4F05-A9FE-1F3DCB59AD6F}.Release|x86.ActiveCfg = Release|Any CPU
		{38DA4E8B-4E4C-470F-A4CB-47DC1C9E4E49}.Debug|Any CPU.ActiveCfg = Debug|Any CPU
		{38DA4E8B-4E4C-470F-A4CB-47DC1C9E4E49}.Debug|Any CPU.Build.0 = Debug|Any CPU
		{38DA4E8B-4E4C-470F-A4CB-47DC1C9E4E49}.Debug|Mixed Platforms.ActiveCfg = Debug|Any CPU
		{38DA4E8B-4E4C-470F-A4CB-47DC1C9E4E49}.Debug|Mixed Platforms.Build.0 = Debug|Any CPU
		{38DA4E8B-4E4C-470F-A4CB-47DC1C9E4E49}.Debug|Win32.ActiveCfg = Debug|Any CPU
		{38DA4E8B-4E4C-470F-A4CB-47DC1C9E4E49}.Debug|x86.ActiveCfg = Debug|Any CPU
		{38DA4E8B-4E4C-470F-A4CB-47DC1C9E4E49}.Release|Any CPU.ActiveCfg = Release|Any CPU
		{38DA4E8B-4E4C-470F-A4CB-47DC1C9E4E49}.Release|Any CPU.Build.0 = Release|Any CPU
		{38DA4E8B-4E4C-470F-A4CB-47DC1C9E4E49}.Release|Mixed Platforms.ActiveCfg = Release|Any CPU
		{38DA4E8B-4E4C-470F-A4CB-47DC1C9E4E49}.Release|Mixed Platforms.Build.0 = Release|Any CPU
		{38DA4E8B-4E4C-470F-A4CB-47DC1C9E4E49}.Release|Win32.ActiveCfg = Release|Any CPU
		{38DA4E8B-4E4C-470F-A4CB-47DC1C9E4E49}.Release|x86.ActiveCfg = Release|Any CPU
		{BEB4A9D0-64B7-4D83-A122-AB7EC610B342}.Debug|Any CPU.ActiveCfg = Debug|Any CPU
		{BEB4A9D0-64B7-4D83-A122-AB7EC610B342}.Debug|Any CPU.Build.0 = Debug|Any CPU
		{BEB4A9D0-64B7-4D83-A122-AB7EC610B342}.Debug|Mixed Platforms.ActiveCfg = Debug|Any CPU
		{BEB4A9D0-64B7-4D83-A122-AB7EC610B342}.Debug|Mixed Platforms.Build.0 = Debug|Any CPU
		{BEB4A9D0-64B7-4D83-A122-AB7EC610B342}.Debug|Win32.ActiveCfg = Debug|Any CPU
		{BEB4A9D0-64B7-4D83-A122-AB7EC610B342}.Debug|x86.ActiveCfg = Debug|Any CPU
		{BEB4A9D0-64B7-4D83-A122-AB7EC610B342}.Release|Any CPU.ActiveCfg = Release|Any CPU
		{BEB4A9D0-64B7-4D83-A122-AB7EC610B342}.Release|Any CPU.Build.0 = Release|Any CPU
		{BEB4A9D0-64B7-4D83-A122-AB7EC610B342}.Release|Mixed Platforms.ActiveCfg = Release|Any CPU
		{BEB4A9D0-64B7-4D83-A122-AB7EC610B342}.Release|Mixed Platforms.Build.0 = Release|Any CPU
		{BEB4A9D0-64B7-4D83-A122-AB7EC610B342}.Release|Win32.ActiveCfg = Release|Any CPU
		{BEB4A9D0-64B7-4D83-A122-AB7EC610B342}.Release|x86.ActiveCfg = Release|Any CPU
		{610194AA-C66F-4FD4-B68A-2BF0D748A11C}.Debug|Any CPU.ActiveCfg = Debug|Any CPU
		{610194AA-C66F-4FD4-B68A-2BF0D748A11C}.Debug|Any CPU.Build.0 = Debug|Any CPU
		{610194AA-C66F-4FD4-B68A-2BF0D748A11C}.Debug|Mixed Platforms.ActiveCfg = Debug|Any CPU
		{610194AA-C66F-4FD4-B68A-2BF0D748A11C}.Debug|Mixed Platforms.Build.0 = Debug|Any CPU
		{610194AA-C66F-4FD4-B68A-2BF0D748A11C}.Debug|Win32.ActiveCfg = Debug|Any CPU
		{610194AA-C66F-4FD4-B68A-2BF0D748A11C}.Debug|x86.ActiveCfg = Debug|Any CPU
		{610194AA-C66F-4FD4-B68A-2BF0D748A11C}.Release|Any CPU.ActiveCfg = Release|Any CPU
		{610194AA-C66F-4FD4-B68A-2BF0D748A11C}.Release|Any CPU.Build.0 = Release|Any CPU
		{610194AA-C66F-4FD4-B68A-2BF0D748A11C}.Release|Mixed Platforms.ActiveCfg = Release|Any CPU
		{610194AA-C66F-4FD4-B68A-2BF0D748A11C}.Release|Mixed Platforms.Build.0 = Release|Any CPU
		{610194AA-C66F-4FD4-B68A-2BF0D748A11C}.Release|Win32.ActiveCfg = Release|Any CPU
		{610194AA-C66F-4FD4-B68A-2BF0D748A11C}.Release|x86.ActiveCfg = Release|Any CPU
		{F7DBBA12-5EAE-4AC0-AAC7-B283809C65AF}.Debug|Any CPU.ActiveCfg = Debug|Any CPU
		{F7DBBA12-5EAE-4AC0-AAC7-B283809C65AF}.Debug|Any CPU.Build.0 = Debug|Any CPU
		{F7DBBA12-5EAE-4AC0-AAC7-B283809C65AF}.Debug|Mixed Platforms.ActiveCfg = Debug|Any CPU
		{F7DBBA12-5EAE-4AC0-AAC7-B283809C65AF}.Debug|Mixed Platforms.Build.0 = Debug|Any CPU
		{F7DBBA12-5EAE-4AC0-AAC7-B283809C65AF}.Debug|Win32.ActiveCfg = Debug|Any CPU
		{F7DBBA12-5EAE-4AC0-AAC7-B283809C65AF}.Debug|x86.ActiveCfg = Debug|Any CPU
		{F7DBBA12-5EAE-4AC0-AAC7-B283809C65AF}.Release|Any CPU.ActiveCfg = Release|Any CPU
		{F7DBBA12-5EAE-4AC0-AAC7-B283809C65AF}.Release|Any CPU.Build.0 = Release|Any CPU
		{F7DBBA12-5EAE-4AC0-AAC7-B283809C65AF}.Release|Mixed Platforms.ActiveCfg = Release|Any CPU
		{F7DBBA12-5EAE-4AC0-AAC7-B283809C65AF}.Release|Mixed Platforms.Build.0 = Release|Any CPU
		{F7DBBA12-5EAE-4AC0-AAC7-B283809C65AF}.Release|Win32.ActiveCfg = Release|Any CPU
		{F7DBBA12-5EAE-4AC0-AAC7-B283809C65AF}.Release|x86.ActiveCfg = Release|Any CPU
		{E64EB0F7-7399-4566-BCA4-1E6AD24F4C41}.Debug|Any CPU.ActiveCfg = Debug|Win32
		{E64EB0F7-7399-4566-BCA4-1E6AD24F4C41}.Debug|Mixed Platforms.ActiveCfg = Debug|Win32
		{E64EB0F7-7399-4566-BCA4-1E6AD24F4C41}.Debug|Mixed Platforms.Build.0 = Debug|Win32
		{E64EB0F7-7399-4566-BCA4-1E6AD24F4C41}.Debug|Win32.ActiveCfg = Debug|Win32
		{E64EB0F7-7399-4566-BCA4-1E6AD24F4C41}.Debug|Win32.Build.0 = Debug|Win32
		{E64EB0F7-7399-4566-BCA4-1E6AD24F4C41}.Debug|x86.ActiveCfg = Debug|Win32
		{E64EB0F7-7399-4566-BCA4-1E6AD24F4C41}.Release|Any CPU.ActiveCfg = Release|Win32
		{E64EB0F7-7399-4566-BCA4-1E6AD24F4C41}.Release|Mixed Platforms.ActiveCfg = Release|Win32
		{E64EB0F7-7399-4566-BCA4-1E6AD24F4C41}.Release|Mixed Platforms.Build.0 = Release|Win32
		{E64EB0F7-7399-4566-BCA4-1E6AD24F4C41}.Release|Win32.ActiveCfg = Release|Win32
		{E64EB0F7-7399-4566-BCA4-1E6AD24F4C41}.Release|Win32.Build.0 = Release|Win32
		{E64EB0F7-7399-4566-BCA4-1E6AD24F4C41}.Release|x86.ActiveCfg = Release|Win32
		{70350692-E498-4D80-8F20-9D0A19F605F7}.Debug|Any CPU.ActiveCfg = Debug|Any CPU
		{70350692-E498-4D80-8F20-9D0A19F605F7}.Debug|Any CPU.Build.0 = Debug|Any CPU
		{70350692-E498-4D80-8F20-9D0A19F605F7}.Debug|Mixed Platforms.ActiveCfg = Debug|Any CPU
		{70350692-E498-4D80-8F20-9D0A19F605F7}.Debug|Mixed Platforms.Build.0 = Debug|Any CPU
		{70350692-E498-4D80-8F20-9D0A19F605F7}.Debug|Win32.ActiveCfg = Debug|Any CPU
		{70350692-E498-4D80-8F20-9D0A19F605F7}.Debug|x86.ActiveCfg = Debug|Any CPU
		{70350692-E498-4D80-8F20-9D0A19F605F7}.Release|Any CPU.ActiveCfg = Release|Any CPU
		{70350692-E498-4D80-8F20-9D0A19F605F7}.Release|Any CPU.Build.0 = Release|Any CPU
		{70350692-E498-4D80-8F20-9D0A19F605F7}.Release|Mixed Platforms.ActiveCfg = Release|Any CPU
		{70350692-E498-4D80-8F20-9D0A19F605F7}.Release|Mixed Platforms.Build.0 = Release|Any CPU
		{70350692-E498-4D80-8F20-9D0A19F605F7}.Release|Win32.ActiveCfg = Release|Any CPU
		{70350692-E498-4D80-8F20-9D0A19F605F7}.Release|x86.ActiveCfg = Release|Any CPU
		{C3E5D20E-4E29-4975-88F7-296E92A23B67}.Debug|Any CPU.ActiveCfg = Debug|Any CPU
		{C3E5D20E-4E29-4975-88F7-296E92A23B67}.Debug|Any CPU.Build.0 = Debug|Any CPU
		{C3E5D20E-4E29-4975-88F7-296E92A23B67}.Debug|Mixed Platforms.ActiveCfg = Debug|Any CPU
		{C3E5D20E-4E29-4975-88F7-296E92A23B67}.Debug|Mixed Platforms.Build.0 = Debug|Any CPU
		{C3E5D20E-4E29-4975-88F7-296E92A23B67}.Debug|Win32.ActiveCfg = Debug|Any CPU
		{C3E5D20E-4E29-4975-88F7-296E92A23B67}.Debug|x86.ActiveCfg = Debug|Any CPU
		{C3E5D20E-4E29-4975-88F7-296E92A23B67}.Release|Any CPU.ActiveCfg = Release|Any CPU
		{C3E5D20E-4E29-4975-88F7-296E92A23B67}.Release|Any CPU.Build.0 = Release|Any CPU
		{C3E5D20E-4E29-4975-88F7-296E92A23B67}.Release|Mixed Platforms.ActiveCfg = Release|Any CPU
		{C3E5D20E-4E29-4975-88F7-296E92A23B67}.Release|Mixed Platforms.Build.0 = Release|Any CPU
		{C3E5D20E-4E29-4975-88F7-296E92A23B67}.Release|Win32.ActiveCfg = Release|Any CPU
		{C3E5D20E-4E29-4975-88F7-296E92A23B67}.Release|x86.ActiveCfg = Release|Any CPU
		{67E5F09F-AF8E-45B0-85A0-4F91AC631371}.Debug|Any CPU.ActiveCfg = Debug|Any CPU
		{67E5F09F-AF8E-45B0-85A0-4F91AC631371}.Debug|Any CPU.Build.0 = Debug|Any CPU
		{67E5F09F-AF8E-45B0-85A0-4F91AC631371}.Debug|Mixed Platforms.ActiveCfg = Debug|Any CPU
		{67E5F09F-AF8E-45B0-85A0-4F91AC631371}.Debug|Mixed Platforms.Build.0 = Debug|Any CPU
		{67E5F09F-AF8E-45B0-85A0-4F91AC631371}.Debug|Win32.ActiveCfg = Debug|Any CPU
		{67E5F09F-AF8E-45B0-85A0-4F91AC631371}.Debug|x86.ActiveCfg = Debug|Any CPU
		{67E5F09F-AF8E-45B0-85A0-4F91AC631371}.Release|Any CPU.ActiveCfg = Release|Any CPU
		{67E5F09F-AF8E-45B0-85A0-4F91AC631371}.Release|Any CPU.Build.0 = Release|Any CPU
		{67E5F09F-AF8E-45B0-85A0-4F91AC631371}.Release|Mixed Platforms.ActiveCfg = Release|Any CPU
		{67E5F09F-AF8E-45B0-85A0-4F91AC631371}.Release|Mixed Platforms.Build.0 = Release|Any CPU
		{67E5F09F-AF8E-45B0-85A0-4F91AC631371}.Release|Win32.ActiveCfg = Release|Any CPU
		{67E5F09F-AF8E-45B0-85A0-4F91AC631371}.Release|x86.ActiveCfg = Release|Any CPU
		{7351F340-4A91-4973-B481-CE537113892F}.Debug|Any CPU.ActiveCfg = Debug|Any CPU
		{7351F340-4A91-4973-B481-CE537113892F}.Debug|Any CPU.Build.0 = Debug|Any CPU
		{7351F340-4A91-4973-B481-CE537113892F}.Debug|Mixed Platforms.ActiveCfg = Debug|Any CPU
		{7351F340-4A91-4973-B481-CE537113892F}.Debug|Mixed Platforms.Build.0 = Debug|Any CPU
		{7351F340-4A91-4973-B481-CE537113892F}.Debug|Win32.ActiveCfg = Debug|Any CPU
		{7351F340-4A91-4973-B481-CE537113892F}.Debug|x86.ActiveCfg = Debug|Any CPU
		{7351F340-4A91-4973-B481-CE537113892F}.Release|Any CPU.ActiveCfg = Release|Any CPU
		{7351F340-4A91-4973-B481-CE537113892F}.Release|Any CPU.Build.0 = Release|Any CPU
		{7351F340-4A91-4973-B481-CE537113892F}.Release|Mixed Platforms.ActiveCfg = Release|Any CPU
		{7351F340-4A91-4973-B481-CE537113892F}.Release|Mixed Platforms.Build.0 = Release|Any CPU
		{7351F340-4A91-4973-B481-CE537113892F}.Release|Win32.ActiveCfg = Release|Any CPU
		{7351F340-4A91-4973-B481-CE537113892F}.Release|x86.ActiveCfg = Release|Any CPU
		{2E9B5723-DA7A-4A87-B1FD-52DE0CC2A79B}.Debug|Any CPU.ActiveCfg = Debug|Any CPU
		{2E9B5723-DA7A-4A87-B1FD-52DE0CC2A79B}.Debug|Any CPU.Build.0 = Debug|Any CPU
		{2E9B5723-DA7A-4A87-B1FD-52DE0CC2A79B}.Debug|Mixed Platforms.ActiveCfg = Debug|Any CPU
		{2E9B5723-DA7A-4A87-B1FD-52DE0CC2A79B}.Debug|Mixed Platforms.Build.0 = Debug|Any CPU
		{2E9B5723-DA7A-4A87-B1FD-52DE0CC2A79B}.Debug|Win32.ActiveCfg = Debug|Any CPU
		{2E9B5723-DA7A-4A87-B1FD-52DE0CC2A79B}.Debug|x86.ActiveCfg = Debug|Any CPU
		{2E9B5723-DA7A-4A87-B1FD-52DE0CC2A79B}.Release|Any CPU.ActiveCfg = Release|Any CPU
		{2E9B5723-DA7A-4A87-B1FD-52DE0CC2A79B}.Release|Any CPU.Build.0 = Release|Any CPU
		{2E9B5723-DA7A-4A87-B1FD-52DE0CC2A79B}.Release|Mixed Platforms.ActiveCfg = Release|Any CPU
		{2E9B5723-DA7A-4A87-B1FD-52DE0CC2A79B}.Release|Mixed Platforms.Build.0 = Release|Any CPU
		{2E9B5723-DA7A-4A87-B1FD-52DE0CC2A79B}.Release|Win32.ActiveCfg = Release|Any CPU
		{2E9B5723-DA7A-4A87-B1FD-52DE0CC2A79B}.Release|x86.ActiveCfg = Release|Any CPU
		{A761A690-2FF6-4F6B-8BAE-2658629945D6}.Debug|Any CPU.ActiveCfg = Debug|Any CPU
		{A761A690-2FF6-4F6B-8BAE-2658629945D6}.Debug|Any CPU.Build.0 = Debug|Any CPU
		{A761A690-2FF6-4F6B-8BAE-2658629945D6}.Debug|Mixed Platforms.ActiveCfg = Debug|Any CPU
		{A761A690-2FF6-4F6B-8BAE-2658629945D6}.Debug|Mixed Platforms.Build.0 = Debug|Any CPU
		{A761A690-2FF6-4F6B-8BAE-2658629945D6}.Debug|Win32.ActiveCfg = Debug|Any CPU
		{A761A690-2FF6-4F6B-8BAE-2658629945D6}.Debug|x86.ActiveCfg = Debug|Any CPU
		{A761A690-2FF6-4F6B-8BAE-2658629945D6}.Release|Any CPU.ActiveCfg = Release|Any CPU
		{A761A690-2FF6-4F6B-8BAE-2658629945D6}.Release|Any CPU.Build.0 = Release|Any CPU
		{A761A690-2FF6-4F6B-8BAE-2658629945D6}.Release|Mixed Platforms.ActiveCfg = Release|Any CPU
		{A761A690-2FF6-4F6B-8BAE-2658629945D6}.Release|Mixed Platforms.Build.0 = Release|Any CPU
		{A761A690-2FF6-4F6B-8BAE-2658629945D6}.Release|Win32.ActiveCfg = Release|Any CPU
		{A761A690-2FF6-4F6B-8BAE-2658629945D6}.Release|x86.ActiveCfg = Release|Any CPU
		{81435C5C-EC88-4E58-9182-E8F2E340A3D1}.Debug|Any CPU.ActiveCfg = Debug|Any CPU
		{81435C5C-EC88-4E58-9182-E8F2E340A3D1}.Debug|Any CPU.Build.0 = Debug|Any CPU
		{81435C5C-EC88-4E58-9182-E8F2E340A3D1}.Debug|Mixed Platforms.ActiveCfg = Debug|Any CPU
		{81435C5C-EC88-4E58-9182-E8F2E340A3D1}.Debug|Mixed Platforms.Build.0 = Debug|Any CPU
		{81435C5C-EC88-4E58-9182-E8F2E340A3D1}.Debug|Win32.ActiveCfg = Debug|Any CPU
		{81435C5C-EC88-4E58-9182-E8F2E340A3D1}.Debug|x86.ActiveCfg = Debug|Any CPU
		{81435C5C-EC88-4E58-9182-E8F2E340A3D1}.Release|Any CPU.ActiveCfg = Release|Any CPU
		{81435C5C-EC88-4E58-9182-E8F2E340A3D1}.Release|Any CPU.Build.0 = Release|Any CPU
		{81435C5C-EC88-4E58-9182-E8F2E340A3D1}.Release|Mixed Platforms.ActiveCfg = Release|Any CPU
		{81435C5C-EC88-4E58-9182-E8F2E340A3D1}.Release|Mixed Platforms.Build.0 = Release|Any CPU
		{81435C5C-EC88-4E58-9182-E8F2E340A3D1}.Release|Win32.ActiveCfg = Release|Any CPU
		{81435C5C-EC88-4E58-9182-E8F2E340A3D1}.Release|x86.ActiveCfg = Release|Any CPU
		{0982E2CA-4629-42A6-8AD1-0A8265081C02}.Debug|Any CPU.ActiveCfg = Debug|Any CPU
		{0982E2CA-4629-42A6-8AD1-0A8265081C02}.Debug|Any CPU.Build.0 = Debug|Any CPU
		{0982E2CA-4629-42A6-8AD1-0A8265081C02}.Debug|Mixed Platforms.ActiveCfg = Debug|Any CPU
		{0982E2CA-4629-42A6-8AD1-0A8265081C02}.Debug|Mixed Platforms.Build.0 = Debug|Any CPU
		{0982E2CA-4629-42A6-8AD1-0A8265081C02}.Debug|Win32.ActiveCfg = Debug|Any CPU
		{0982E2CA-4629-42A6-8AD1-0A8265081C02}.Debug|x86.ActiveCfg = Debug|Any CPU
		{0982E2CA-4629-42A6-8AD1-0A8265081C02}.Release|Any CPU.ActiveCfg = Release|Any CPU
		{0982E2CA-4629-42A6-8AD1-0A8265081C02}.Release|Any CPU.Build.0 = Release|Any CPU
		{0982E2CA-4629-42A6-8AD1-0A8265081C02}.Release|Mixed Platforms.ActiveCfg = Release|Any CPU
		{0982E2CA-4629-42A6-8AD1-0A8265081C02}.Release|Mixed Platforms.Build.0 = Release|Any CPU
		{0982E2CA-4629-42A6-8AD1-0A8265081C02}.Release|Win32.ActiveCfg = Release|Any CPU
		{0982E2CA-4629-42A6-8AD1-0A8265081C02}.Release|x86.ActiveCfg = Release|Any CPU
		{58AA3248-D036-484B-84C3-A086E2D43F8F}.Debug|Any CPU.ActiveCfg = Debug|Any CPU
		{58AA3248-D036-484B-84C3-A086E2D43F8F}.Debug|Any CPU.Build.0 = Debug|Any CPU
		{58AA3248-D036-484B-84C3-A086E2D43F8F}.Debug|Mixed Platforms.ActiveCfg = Debug|Any CPU
		{58AA3248-D036-484B-84C3-A086E2D43F8F}.Debug|Mixed Platforms.Build.0 = Debug|Any CPU
		{58AA3248-D036-484B-84C3-A086E2D43F8F}.Debug|Win32.ActiveCfg = Debug|Any CPU
		{58AA3248-D036-484B-84C3-A086E2D43F8F}.Debug|x86.ActiveCfg = Debug|Any CPU
		{58AA3248-D036-484B-84C3-A086E2D43F8F}.Release|Any CPU.ActiveCfg = Release|Any CPU
		{58AA3248-D036-484B-84C3-A086E2D43F8F}.Release|Any CPU.Build.0 = Release|Any CPU
		{58AA3248-D036-484B-84C3-A086E2D43F8F}.Release|Mixed Platforms.ActiveCfg = Release|Any CPU
		{58AA3248-D036-484B-84C3-A086E2D43F8F}.Release|Mixed Platforms.Build.0 = Release|Any CPU
		{58AA3248-D036-484B-84C3-A086E2D43F8F}.Release|Win32.ActiveCfg = Release|Any CPU
		{58AA3248-D036-484B-84C3-A086E2D43F8F}.Release|x86.ActiveCfg = Release|Any CPU
	EndGlobalSection
	GlobalSection(SolutionProperties) = preSolution
		HideSolutionNode = FALSE
	EndGlobalSection
EndGlobal
